
Microsoft Visual Studio Solution File, Format Version 12.00
# Visual Studio Version 16
VisualStudioVersion = 16.0.30330.147
MinimumVisualStudioVersion = 10.0.40219.1
Project("{9A19103F-16F7-4668-BE54-9A1E7A4F7556}") = "cms.ar.xarchitecture.de", "cms.ar.xarchitecture.de\cms.ar.xarchitecture.de.csproj", "{DEDC4F72-92C9-4487-B6F0-6D040EC10A2B}"
EndProject
Project("{E53339B2-1760-4266-BCC7-CA923CBCF16C}") = "docker-compose", "docker-compose.dcproj", "{96EFF342-C17A-4F4C-890F-D4B667B7801B}"
EndProject
Global
	GlobalSection(SolutionConfigurationPlatforms) = preSolution
		Debug|Any CPU = Debug|Any CPU
		Release|Any CPU = Release|Any CPU
	EndGlobalSection
	GlobalSection(ProjectConfigurationPlatforms) = postSolution
		{DEDC4F72-92C9-4487-B6F0-6D040EC10A2B}.Debug|Any CPU.ActiveCfg = Debug|Any CPU
		{DEDC4F72-92C9-4487-B6F0-6D040EC10A2B}.Debug|Any CPU.Build.0 = Debug|Any CPU
		{DEDC4F72-92C9-4487-B6F0-6D040EC10A2B}.Release|Any CPU.ActiveCfg = Release|Any CPU
		{DEDC4F72-92C9-4487-B6F0-6D040EC10A2B}.Release|Any CPU.Build.0 = Release|Any CPU
		{96EFF342-C17A-4F4C-890F-D4B667B7801B}.Debug|Any CPU.ActiveCfg = Debug|Any CPU
		{96EFF342-C17A-4F4C-890F-D4B667B7801B}.Debug|Any CPU.Build.0 = Debug|Any CPU
		{96EFF342-C17A-4F4C-890F-D4B667B7801B}.Release|Any CPU.ActiveCfg = Release|Any CPU
		{96EFF342-C17A-4F4C-890F-D4B667B7801B}.Release|Any CPU.Build.0 = Release|Any CPU
	EndGlobalSection
	GlobalSection(SolutionProperties) = preSolution
		HideSolutionNode = FALSE
	EndGlobalSection
	GlobalSection(ExtensibilityGlobals) = postSolution
		SolutionGuid = {7723DD3B-F99D-4BF5-90D4-F6FCEC9D32B5}
	EndGlobalSection
EndGlobal
